
Microsoft Visual Studio Solution File, Format Version 12.00
# Visual Studio Version 17
VisualStudioVersion = 17.14.36301.6
MinimumVisualStudioVersion = 10.0.40219.1
Project("{FAE04EC0-301F-11D3-BF4B-00C04F79EFBC}") = "Presentation", "Presentation\Presentation.csproj", "{AC98AFE6-0462-4B6C-B476-67453F3F8037}"
EndProject
Project("{FAE04EC0-301F-11D3-BF4B-00C04F79EFBC}") = "Domain", "Domain\Domain.csproj", "{FBE94321-2073-4B2E-977A-46E948A9DF5B}"
EndProject
Project("{FAE04EC0-301F-11D3-BF4B-00C04F79EFBC}") = "Application", "Application\Application.csproj", "{C83EF94D-3D22-4767-A7A9-D6DEC049852B}"
EndProject
Project("{FAE04EC0-301F-11D3-BF4B-00C04F79EFBC}") = "Infrastructure", "Infrastructure\Infrastructure.csproj", "{C6D49793-16BF-4860-B3E3-E70C27DAFD36}"
EndProject
Project("{2150E333-8FDC-42A3-9474-1A3956D46DE8}") = "Solution Items", "Solution Items", "{8EC462FD-D22E-90A8-E5CE-7E832BA40C5D}"
	ProjectSection(SolutionItems) = preProject
		README.md = README.md
	EndProjectSection
EndProject
Global
	GlobalSection(SolutionConfigurationPlatforms) = preSolution
		Debug|Any CPU = Debug|Any CPU
		Release|Any CPU = Release|Any CPU
	EndGlobalSection
	GlobalSection(ProjectConfigurationPlatforms) = postSolution
		{AC98AFE6-0462-4B6C-B476-67453F3F8037}.Debug|Any CPU.ActiveCfg = Debug|Any CPU
		{AC98AFE6-0462-4B6C-B476-67453F3F8037}.Debug|Any CPU.Build.0 = Debug|Any CPU
		{AC98AFE6-0462-4B6C-B476-67453F3F8037}.Release|Any CPU.ActiveCfg = Release|Any CPU
		{AC98AFE6-0462-4B6C-B476-67453F3F8037}.Release|Any CPU.Build.0 = Release|Any CPU
		{FBE94321-2073-4B2E-977A-46E948A9DF5B}.Debug|Any CPU.ActiveCfg = Debug|Any CPU
		{FBE94321-2073-4B2E-977A-46E948A9DF5B}.Debug|Any CPU.Build.0 = Debug|Any CPU
		{FBE94321-2073-4B2E-977A-46E948A9DF5B}.Release|Any CPU.ActiveCfg = Release|Any CPU
		{FBE94321-2073-4B2E-977A-46E948A9DF5B}.Release|Any CPU.Build.0 = Release|Any CPU
		{C83EF94D-3D22-4767-A7A9-D6DEC049852B}.Debug|Any CPU.ActiveCfg = Debug|Any CPU
		{C83EF94D-3D22-4767-A7A9-D6DEC049852B}.Debug|Any CPU.Build.0 = Debug|Any CPU
		{C83EF94D-3D22-4767-A7A9-D6DEC049852B}.Release|Any CPU.ActiveCfg = Release|Any CPU
		{C83EF94D-3D22-4767-A7A9-D6DEC049852B}.Release|Any CPU.Build.0 = Release|Any CPU
		{C6D49793-16BF-4860-B3E3-E70C27DAFD36}.Debug|Any CPU.ActiveCfg = Debug|Any CPU
		{C6D49793-16BF-4860-B3E3-E70C27DAFD36}.Debug|Any CPU.Build.0 = Debug|Any CPU
		{C6D49793-16BF-4860-B3E3-E70C27DAFD36}.Release|Any CPU.ActiveCfg = Release|Any CPU
		{C6D49793-16BF-4860-B3E3-E70C27DAFD36}.Release|Any CPU.Build.0 = Release|Any CPU
	EndGlobalSection
	GlobalSection(SolutionProperties) = preSolution
		HideSolutionNode = FALSE
	EndGlobalSection
	GlobalSection(ExtensibilityGlobals) = postSolution
		SolutionGuid = {EE64A0E9-4C7E-4940-836F-8B6179A56336}
	EndGlobalSection
EndGlobal
